// !$*UTF8*$!
{
	archiveVersion = 1;
	classes = {
	};
	objectVersion = 56;
	objects = {

/* Begin PBXBuildFile section */
		102F33C02A966FB100867687 /* WeatherView.swift in Sources */ = {isa = PBXBuildFile; fileRef = 102F33BF2A966FB100867687 /* WeatherView.swift */; };
		FFA5776B2A96197C00EA8BFC /* SettingView.swift in Sources */ = {isa = PBXBuildFile; fileRef = FFA5776A2A96197C00EA8BFC /* SettingView.swift */; };
		FFE4ACC42A8FDE8200F20176 /* WeatherAppProjectApp.swift in Sources */ = {isa = PBXBuildFile; fileRef = FFE4ACC32A8FDE8200F20176 /* WeatherAppProjectApp.swift */; };
		FFE4ACC62A8FDE8200F20176 /* ContentView.swift in Sources */ = {isa = PBXBuildFile; fileRef = FFE4ACC52A8FDE8200F20176 /* ContentView.swift */; };
		FFE4ACC82A8FDE8400F20176 /* Assets.xcassets in Resources */ = {isa = PBXBuildFile; fileRef = FFE4ACC72A8FDE8400F20176 /* Assets.xcassets */; };
		FFE4ACCB2A8FDE8400F20176 /* Preview Assets.xcassets in Resources */ = {isa = PBXBuildFile; fileRef = FFE4ACCA2A8FDE8400F20176 /* Preview Assets.xcassets */; };
		FFE4ACD22A8FDEA000F20176 /* MyApiModel.swift in Sources */ = {isa = PBXBuildFile; fileRef = FFE4ACD12A8FDEA000F20176 /* MyApiModel.swift */; };
		FFE4ACD42A8FDF1700F20176 /* MyViewModel.swift in Sources */ = {isa = PBXBuildFile; fileRef = FFE4ACD32A8FDF1700F20176 /* MyViewModel.swift */; };
		FFE4ACDC2A90D48200F20176 /* MyModel.swift in Sources */ = {isa = PBXBuildFile; fileRef = FFE4ACDB2A90D48200F20176 /* MyModel.swift */; };
		FFE4ACE12A90D74F00F20176 /* CityView.swift in Sources */ = {isa = PBXBuildFile; fileRef = FFE4ACE02A90D74F00F20176 /* CityView.swift */; };
/* End PBXBuildFile section */

/* Begin PBXFileReference section */
		102F33BF2A966FB100867687 /* WeatherView.swift */ = {isa = PBXFileReference; lastKnownFileType = sourcecode.swift; path = WeatherView.swift; sourceTree = "<group>"; };
		FFA5776A2A96197C00EA8BFC /* SettingView.swift */ = {isa = PBXFileReference; lastKnownFileType = sourcecode.swift; path = SettingView.swift; sourceTree = "<group>"; };
		FFE4ACC02A8FDE8200F20176 /* WeatherAppProject.app */ = {isa = PBXFileReference; explicitFileType = wrapper.application; includeInIndex = 0; path = WeatherAppProject.app; sourceTree = BUILT_PRODUCTS_DIR; };
		FFE4ACC32A8FDE8200F20176 /* WeatherAppProjectApp.swift */ = {isa = PBXFileReference; lastKnownFileType = sourcecode.swift; path = WeatherAppProjectApp.swift; sourceTree = "<group>"; };
		FFE4ACC52A8FDE8200F20176 /* ContentView.swift */ = {isa = PBXFileReference; lastKnownFileType = sourcecode.swift; path = ContentView.swift; sourceTree = "<group>"; };
		FFE4ACC72A8FDE8400F20176 /* Assets.xcassets */ = {isa = PBXFileReference; lastKnownFileType = folder.assetcatalog; path = Assets.xcassets; sourceTree = "<group>"; };
		FFE4ACCA2A8FDE8400F20176 /* Preview Assets.xcassets */ = {isa = PBXFileReference; lastKnownFileType = folder.assetcatalog; path = "Preview Assets.xcassets"; sourceTree = "<group>"; };
		FFE4ACD12A8FDEA000F20176 /* MyApiModel.swift */ = {isa = PBXFileReference; lastKnownFileType = sourcecode.swift; path = MyApiModel.swift; sourceTree = "<group>"; };
		FFE4ACD32A8FDF1700F20176 /* MyViewModel.swift */ = {isa = PBXFileReference; lastKnownFileType = sourcecode.swift; path = MyViewModel.swift; sourceTree = "<group>"; };
		FFE4ACDB2A90D48200F20176 /* MyModel.swift */ = {isa = PBXFileReference; lastKnownFileType = sourcecode.swift; path = MyModel.swift; sourceTree = "<group>"; };
		FFE4ACE02A90D74F00F20176 /* CityView.swift */ = {isa = PBXFileReference; lastKnownFileType = sourcecode.swift; path = CityView.swift; sourceTree = "<group>"; };
/* End PBXFileReference section */

/* Begin PBXFrameworksBuildPhase section */
		FFE4ACBD2A8FDE8200F20176 /* Frameworks */ = {
			isa = PBXFrameworksBuildPhase;
			buildActionMask = 2147483647;
			files = (
			);
			runOnlyForDeploymentPostprocessing = 0;
		};
/* End PBXFrameworksBuildPhase section */

/* Begin PBXGroup section */
		FFE4ACB72A8FDE8200F20176 = {
			isa = PBXGroup;
			children = (
				FFE4ACC22A8FDE8200F20176 /* WeatherAppProject */,
				FFE4ACC12A8FDE8200F20176 /* Products */,
			);
			sourceTree = "<group>";
		};
		FFE4ACC12A8FDE8200F20176 /* Products */ = {
			isa = PBXGroup;
			children = (
				FFE4ACC02A8FDE8200F20176 /* WeatherAppProject.app */,
			);
			name = Products;
			sourceTree = "<group>";
		};
		FFE4ACC22A8FDE8200F20176 /* WeatherAppProject */ = {
			isa = PBXGroup;
			children = (
				FFE4ACC32A8FDE8200F20176 /* WeatherAppProjectApp.swift */,
				FFE4ACDF2A90D70700F20176 /* Views */,
				FFE4ACDE2A90D6ED00F20176 /* ViewModels */,
				FFE4ACDD2A90D6D600F20176 /* Models */,
				FFE4ACC72A8FDE8400F20176 /* Assets.xcassets */,
				FFE4ACC92A8FDE8400F20176 /* Preview Content */,
			);
			path = WeatherAppProject;
			sourceTree = "<group>";
		};
		FFE4ACC92A8FDE8400F20176 /* Preview Content */ = {
			isa = PBXGroup;
			children = (
				FFE4ACCA2A8FDE8400F20176 /* Preview Assets.xcassets */,
			);
			path = "Preview Content";
			sourceTree = "<group>";
		};
		FFE4ACDD2A90D6D600F20176 /* Models */ = {
			isa = PBXGroup;
			children = (
				FFE4ACD12A8FDEA000F20176 /* MyApiModel.swift */,
				FFE4ACDB2A90D48200F20176 /* MyModel.swift */,
			);
			path = Models;
			sourceTree = "<group>";
		};
		FFE4ACDE2A90D6ED00F20176 /* ViewModels */ = {
			isa = PBXGroup;
			children = (
				FFE4ACD32A8FDF1700F20176 /* MyViewModel.swift */,
			);
			path = ViewModels;
			sourceTree = "<group>";
		};
		FFE4ACDF2A90D70700F20176 /* Views */ = {
			isa = PBXGroup;
			children = (
				FFE4ACC52A8FDE8200F20176 /* ContentView.swift */,
				102F33BF2A966FB100867687 /* WeatherView.swift */,
				FFE4ACE02A90D74F00F20176 /* CityView.swift */,
				FFA5776A2A96197C00EA8BFC /* SettingView.swift */,
			);
			path = Views;
			sourceTree = "<group>";
		};
/* End PBXGroup section */

/* Begin PBXNativeTarget section */
		FFE4ACBF2A8FDE8200F20176 /* WeatherAppProject */ = {
			isa = PBXNativeTarget;
			buildConfigurationList = FFE4ACCE2A8FDE8400F20176 /* Build configuration list for PBXNativeTarget "WeatherAppProject" */;
			buildPhases = (
				FFE4ACBC2A8FDE8200F20176 /* Sources */,
				FFE4ACBD2A8FDE8200F20176 /* Frameworks */,
				FFE4ACBE2A8FDE8200F20176 /* Resources */,
			);
			buildRules = (
			);
			dependencies = (
			);
			name = WeatherAppProject;
			productName = WeatherAppProject;
			productReference = FFE4ACC02A8FDE8200F20176 /* WeatherAppProject.app */;
			productType = "com.apple.product-type.application";
		};
/* End PBXNativeTarget section */

/* Begin PBXProject section */
		FFE4ACB82A8FDE8200F20176 /* Project object */ = {
			isa = PBXProject;
			attributes = {
				BuildIndependentTargetsInParallel = 1;
				LastSwiftUpdateCheck = 1430;
				LastUpgradeCheck = 1430;
				TargetAttributes = {
					FFE4ACBF2A8FDE8200F20176 = {
						CreatedOnToolsVersion = 14.3.1;
					};
				};
			};
			buildConfigurationList = FFE4ACBB2A8FDE8200F20176 /* Build configuration list for PBXProject "WeatherAppProject" */;
			compatibilityVersion = "Xcode 14.0";
			developmentRegion = en;
			hasScannedForEncodings = 0;
			knownRegions = (
				en,
				Base,
			);
			mainGroup = FFE4ACB72A8FDE8200F20176;
			productRefGroup = FFE4ACC12A8FDE8200F20176 /* Products */;
			projectDirPath = "";
			projectRoot = "";
			targets = (
				FFE4ACBF2A8FDE8200F20176 /* WeatherAppProject */,
			);
		};
/* End PBXProject section */

/* Begin PBXResourcesBuildPhase section */
		FFE4ACBE2A8FDE8200F20176 /* Resources */ = {
			isa = PBXResourcesBuildPhase;
			buildActionMask = 2147483647;
			files = (
				FFE4ACCB2A8FDE8400F20176 /* Preview Assets.xcassets in Resources */,
				FFE4ACC82A8FDE8400F20176 /* Assets.xcassets in Resources */,
			);
			runOnlyForDeploymentPostprocessing = 0;
		};
/* End PBXResourcesBuildPhase section */

/* Begin PBXSourcesBuildPhase section */
		FFE4ACBC2A8FDE8200F20176 /* Sources */ = {
			isa = PBXSourcesBuildPhase;
			buildActionMask = 2147483647;
			files = (
				FFE4ACC62A8FDE8200F20176 /* ContentView.swift in Sources */,
				FFE4ACD22A8FDEA000F20176 /* MyApiModel.swift in Sources */,
				FFE4ACD42A8FDF1700F20176 /* MyViewModel.swift in Sources */,
				FFA5776B2A96197C00EA8BFC /* SettingView.swift in Sources */,
				FFE4ACC42A8FDE8200F20176 /* WeatherAppProjectApp.swift in Sources */,
				FFE4ACE12A90D74F00F20176 /* CityView.swift in Sources */,
				FFE4ACDC2A90D48200F20176 /* MyModel.swift in Sources */,
				102F33C02A966FB100867687 /* WeatherView.swift in Sources */,
			);
			runOnlyForDeploymentPostprocessing = 0;
		};
/* End PBXSourcesBuildPhase section */

/* Begin XCBuildConfiguration section */
		FFE4ACCC2A8FDE8400F20176 /* Debug */ = {
			isa = XCBuildConfiguration;
			buildSettings = {
				ALWAYS_SEARCH_USER_PATHS = NO;
				CLANG_ANALYZER_NONNULL = YES;
				CLANG_ANALYZER_NUMBER_OBJECT_CONVERSION = YES_AGGRESSIVE;
				CLANG_CXX_LANGUAGE_STANDARD = "gnu++20";
				CLANG_ENABLE_MODULES = YES;
				CLANG_ENABLE_OBJC_ARC = YES;
				CLANG_ENABLE_OBJC_WEAK = YES;
				CLANG_WARN_BLOCK_CAPTURE_AUTORELEASING = YES;
				CLANG_WARN_BOOL_CONVERSION = YES;
				CLANG_WARN_COMMA = YES;
				CLANG_WARN_CONSTANT_CONVERSION = YES;
				CLANG_WARN_DEPRECATED_OBJC_IMPLEMENTATIONS = YES;
				CLANG_WARN_DIRECT_OBJC_ISA_USAGE = YES_ERROR;
				CLANG_WARN_DOCUMENTATION_COMMENTS = YES;
				CLANG_WARN_EMPTY_BODY = YES;
				CLANG_WARN_ENUM_CONVERSION = YES;
				CLANG_WARN_INFINITE_RECURSION = YES;
				CLANG_WARN_INT_CONVERSION = YES;
				CLANG_WARN_NON_LITERAL_NULL_CONVERSION = YES;
				CLANG_WARN_OBJC_IMPLICIT_RETAIN_SELF = YES;
				CLANG_WARN_OBJC_LITERAL_CONVERSION = YES;
				CLANG_WARN_OBJC_ROOT_CLASS = YES_ERROR;
				CLANG_WARN_QUOTED_INCLUDE_IN_FRAMEWORK_HEADER = YES;
				CLANG_WARN_RANGE_LOOP_ANALYSIS = YES;
				CLANG_WARN_STRICT_PROTOTYPES = YES;
				CLANG_WARN_SUSPICIOUS_MOVE = YES;
				CLANG_WARN_UNGUARDED_AVAILABILITY = YES_AGGRESSIVE;
				CLANG_WARN_UNREACHABLE_CODE = YES;
				CLANG_WARN__DUPLICATE_METHOD_MATCH = YES;
				COPY_PHASE_STRIP = NO;
				DEBUG_INFORMATION_FORMAT = dwarf;
				ENABLE_STRICT_OBJC_MSGSEND = YES;
				ENABLE_TESTABILITY = YES;
				GCC_C_LANGUAGE_STANDARD = gnu11;
				GCC_DYNAMIC_NO_PIC = NO;
				GCC_NO_COMMON_BLOCKS = YES;
				GCC_OPTIMIZATION_LEVEL = 0;
				GCC_PREPROCESSOR_DEFINITIONS = (
					"DEBUG=1",
					"$(inherited)",
				);
				GCC_WARN_64_TO_32_BIT_CONVERSION = YES;
				GCC_WARN_ABOUT_RETURN_TYPE = YES_ERROR;
				GCC_WARN_UNDECLARED_SELECTOR = YES;
				GCC_WARN_UNINITIALIZED_AUTOS = YES_AGGRESSIVE;
				GCC_WARN_UNUSED_FUNCTION = YES;
				GCC_WARN_UNUSED_VARIABLE = YES;
				IPHONEOS_DEPLOYMENT_TARGET = 16.4;
				MTL_ENABLE_DEBUG_INFO = INCLUDE_SOURCE;
				MTL_FAST_MATH = YES;
				ONLY_ACTIVE_ARCH = YES;
				SDKROOT = iphoneos;
				SWIFT_ACTIVE_COMPILATION_CONDITIONS = DEBUG;
				SWIFT_OPTIMIZATION_LEVEL = "-Onone";
			};
			name = Debug;
		};
		FFE4ACCD2A8FDE8400F20176 /* Release */ = {
			isa = XCBuildConfiguration;
			buildSettings = {
				ALWAYS_SEARCH_USER_PATHS = NO;
				CLANG_ANALYZER_NONNULL = YES;
				CLANG_ANALYZER_NUMBER_OBJECT_CONVERSION = YES_AGGRESSIVE;
				CLANG_CXX_LANGUAGE_STANDARD = "gnu++20";
				CLANG_ENABLE_MODULES = YES;
				CLANG_ENABLE_OBJC_ARC = YES;
				CLANG_ENABLE_OBJC_WEAK = YES;
				CLANG_WARN_BLOCK_CAPTURE_AUTORELEASING = YES;
				CLANG_WARN_BOOL_CONVERSION = YES;
				CLANG_WARN_COMMA = YES;
				CLANG_WARN_CONSTANT_CONVERSION = YES;
				CLANG_WARN_DEPRECATED_OBJC_IMPLEMENTATIONS = YES;
				CLANG_WARN_DIRECT_OBJC_ISA_USAGE = YES_ERROR;
				CLANG_WARN_DOCUMENTATION_COMMENTS = YES;
				CLANG_WARN_EMPTY_BODY = YES;
				CLANG_WARN_ENUM_CONVERSION = YES;
				CLANG_WARN_INFINITE_RECURSION = YES;
				CLANG_WARN_INT_CONVERSION = YES;
				CLANG_WARN_NON_LITERAL_NULL_CONVERSION = YES;
				CLANG_WARN_OBJC_IMPLICIT_RETAIN_SELF = YES;
				CLANG_WARN_OBJC_LITERAL_CONVERSION = YES;
				CLANG_WARN_OBJC_ROOT_CLASS = YES_ERROR;
				CLANG_WARN_QUOTED_INCLUDE_IN_FRAMEWORK_HEADER = YES;
				CLANG_WARN_RANGE_LOOP_ANALYSIS = YES;
				CLANG_WARN_STRICT_PROTOTYPES = YES;
				CLANG_WARN_SUSPICIOUS_MOVE = YES;
				CLANG_WARN_UNGUARDED_AVAILABILITY = YES_AGGRESSIVE;
				CLANG_WARN_UNREACHABLE_CODE = YES;
				CLANG_WARN__DUPLICATE_METHOD_MATCH = YES;
				COPY_PHASE_STRIP = NO;
				DEBUG_INFORMATION_FORMAT = "dwarf-with-dsym";
				ENABLE_NS_ASSERTIONS = NO;
				ENABLE_STRICT_OBJC_MSGSEND = YES;
				GCC_C_LANGUAGE_STANDARD = gnu11;
				GCC_NO_COMMON_BLOCKS = YES;
				GCC_WARN_64_TO_32_BIT_CONVERSION = YES;
				GCC_WARN_ABOUT_RETURN_TYPE = YES_ERROR;
				GCC_WARN_UNDECLARED_SELECTOR = YES;
				GCC_WARN_UNINITIALIZED_AUTOS = YES_AGGRESSIVE;
				GCC_WARN_UNUSED_FUNCTION = YES;
				GCC_WARN_UNUSED_VARIABLE = YES;
				IPHONEOS_DEPLOYMENT_TARGET = 16.4;
				MTL_ENABLE_DEBUG_INFO = NO;
				MTL_FAST_MATH = YES;
				SDKROOT = iphoneos;
				SWIFT_COMPILATION_MODE = wholemodule;
				SWIFT_OPTIMIZATION_LEVEL = "-O";
				VALIDATE_PRODUCT = YES;
			};
			name = Release;
		};
		FFE4ACCF2A8FDE8400F20176 /* Debug */ = {
			isa = XCBuildConfiguration;
			buildSettings = {
				ASSETCATALOG_COMPILER_APPICON_NAME = AppIcon;
				ASSETCATALOG_COMPILER_GLOBAL_ACCENT_COLOR_NAME = AccentColor;
				CODE_SIGN_STYLE = Automatic;
				CURRENT_PROJECT_VERSION = 1;
				DEVELOPMENT_ASSET_PATHS = "\"WeatherAppProject/Preview Content\"";
				ENABLE_PREVIEWS = YES;
				GENERATE_INFOPLIST_FILE = YES;
				INFOPLIST_KEY_UIApplicationSceneManifest_Generation = YES;
				INFOPLIST_KEY_UIApplicationSupportsIndirectInputEvents = YES;
				INFOPLIST_KEY_UILaunchScreen_Generation = YES;
				INFOPLIST_KEY_UISupportedInterfaceOrientations_iPad = "UIInterfaceOrientationPortrait UIInterfaceOrientationPortraitUpsideDown UIInterfaceOrientationLandscapeLeft UIInterfaceOrientationLandscapeRight";
				INFOPLIST_KEY_UISupportedInterfaceOrientations_iPhone = "UIInterfaceOrientationPortrait UIInterfaceOrientationLandscapeLeft UIInterfaceOrientationLandscapeRight";
				LD_RUNPATH_SEARCH_PATHS = (
					"$(inherited)",
					"@executable_path/Frameworks",
				);
				MARKETING_VERSION = 1.0;
				PRODUCT_BUNDLE_IDENTIFIER = hibah.WeatherAppProject;
				PRODUCT_NAME = "$(TARGET_NAME)";
				SWIFT_EMIT_LOC_STRINGS = YES;
				SWIFT_VERSION = 5.0;
				TARGETED_DEVICE_FAMILY = "1,2";
			};
			name = Debug;
		};
		FFE4ACD02A8FDE8400F20176 /* Release */ = {
			isa = XCBuildConfiguration;
			buildSettings = {
				ASSETCATALOG_COMPILER_APPICON_NAME = AppIcon;
				ASSETCATALOG_COMPILER_GLOBAL_ACCENT_COLOR_NAME = AccentColor;
				CODE_SIGN_STYLE = Automatic;
				CURRENT_PROJECT_VERSION = 1;
				DEVELOPMENT_ASSET_PATHS = "\"WeatherAppProject/Preview Content\"";
				ENABLE_PREVIEWS = YES;
				GENERATE_INFOPLIST_FILE = YES;
				INFOPLIST_KEY_UIApplicationSceneManifest_Generation = YES;
				INFOPLIST_KEY_UIApplicationSupportsIndirectInputEvents = YES;
				INFOPLIST_KEY_UILaunchScreen_Generation = YES;
				INFOPLIST_KEY_UISupportedInterfaceOrientations_iPad = "UIInterfaceOrientationPortrait UIInterfaceOrientationPortraitUpsideDown UIInterfaceOrientationLandscapeLeft UIInterfaceOrientationLandscapeRight";
				INFOPLIST_KEY_UISupportedInterfaceOrientations_iPhone = "UIInterfaceOrientationPortrait UIInterfaceOrientationLandscapeLeft UIInterfaceOrientationLandscapeRight";
				LD_RUNPATH_SEARCH_PATHS = (
					"$(inherited)",
					"@executable_path/Frameworks",
				);
				MARKETING_VERSION = 1.0;
				PRODUCT_BUNDLE_IDENTIFIER = hibah.WeatherAppProject;
				PRODUCT_NAME = "$(TARGET_NAME)";
				SWIFT_EMIT_LOC_STRINGS = YES;
				SWIFT_VERSION = 5.0;
				TARGETED_DEVICE_FAMILY = "1,2";
			};
			name = Release;
		};
/* End XCBuildConfiguration section */

/* Begin XCConfigurationList section */
		FFE4ACBB2A8FDE8200F20176 /* Build configuration list for PBXProject "WeatherAppProject" */ = {
			isa = XCConfigurationList;
			buildConfigurations = (
				FFE4ACCC2A8FDE8400F20176 /* Debug */,
				FFE4ACCD2A8FDE8400F20176 /* Release */,
			);
			defaultConfigurationIsVisible = 0;
			defaultConfigurationName = Release;
		};
		FFE4ACCE2A8FDE8400F20176 /* Build configuration list for PBXNativeTarget "WeatherAppProject" */ = {
			isa = XCConfigurationList;
			buildConfigurations = (
				FFE4ACCF2A8FDE8400F20176 /* Debug */,
				FFE4ACD02A8FDE8400F20176 /* Release */,
			);
			defaultConfigurationIsVisible = 0;
			defaultConfigurationName = Release;
		};
/* End XCConfigurationList section */
	};
	rootObject = FFE4ACB82A8FDE8200F20176 /* Project object */;
}
